
Microsoft Visual Studio Solution File, Format Version 11.00
# Visual C++ Express 2010
Project("{8BC9CEB8-8B4A-11D0-8D11-00A0C91BC942}") = "MIPS Tools Core", "MIPS Tools.vcxproj", "{9C1D372F-1761-437C-A7EC-27A79BB967B6}"
EndProject
Project("{8BC9CEB8-8B4A-11D0-8D11-00A0C91BC942}") = "MIPS Tools Shell", "..\MIPS Tools Shell\MIPS Tools Shell.vcxproj", "{FB9CCEE4-76B7-4A56-BAEA-F1709C4DE126}"
	ProjectSection(ProjectDependencies) = postProject
		{9C1D372F-1761-437C-A7EC-27A79BB967B6} = {9C1D372F-1761-437C-A7EC-27A79BB967B6}
	EndProjectSection
EndProject
Project("{8BC9CEB8-8B4A-11D0-8D11-00A0C91BC942}") = "simUI", "..\simUI\simUI.vcxproj", "{CF1D56D5-D86A-480D-B504-13DE85432D34}"
	ProjectSection(ProjectDependencies) = postProject
		{9C1D372F-1761-437C-A7EC-27A79BB967B6} = {9C1D372F-1761-437C-A7EC-27A79BB967B6}
		{FB9CCEE4-76B7-4A56-BAEA-F1709C4DE126} = {FB9CCEE4-76B7-4A56-BAEA-F1709C4DE126}
	EndProjectSection
EndProject
Global
	GlobalSection(SolutionConfigurationPlatforms) = preSolution
		Debug|Win32 = Debug|Win32
		Release|Win32 = Release|Win32
	EndGlobalSection
	GlobalSection(ProjectConfigurationPlatforms) = postSolution
		{9C1D372F-1761-437C-A7EC-27A79BB967B6}.Debug|Win32.ActiveCfg = Debug|Win32
		{9C1D372F-1761-437C-A7EC-27A79BB967B6}.Debug|Win32.Build.0 = Debug|Win32
		{9C1D372F-1761-437C-A7EC-27A79BB967B6}.Release|Win32.ActiveCfg = Release|Win32
		{9C1D372F-1761-437C-A7EC-27A79BB967B6}.Release|Win32.Build.0 = Release|Win32
		{FB9CCEE4-76B7-4A56-BAEA-F1709C4DE126}.Debug|Win32.ActiveCfg = Debug|Win32
		{FB9CCEE4-76B7-4A56-BAEA-F1709C4DE126}.Debug|Win32.Build.0 = Debug|Win32
		{FB9CCEE4-76B7-4A56-BAEA-F1709C4DE126}.Release|Win32.ActiveCfg = Release|Win32
		{FB9CCEE4-76B7-4A56-BAEA-F1709C4DE126}.Release|Win32.Build.0 = Release|Win32
		{CF1D56D5-D86A-480D-B504-13DE85432D34}.Debug|Win32.ActiveCfg = Debug|Win32
		{CF1D56D5-D86A-480D-B504-13DE85432D34}.Debug|Win32.Build.0 = Debug|Win32
		{CF1D56D5-D86A-480D-B504-13DE85432D34}.Release|Win32.ActiveCfg = Release|Win32
		{CF1D56D5-D86A-480D-B504-13DE85432D34}.Release|Win32.Build.0 = Release|Win32
	EndGlobalSection
	GlobalSection(SolutionProperties) = preSolution
		HideSolutionNode = FALSE
	EndGlobalSection
EndGlobal
