<?xml version="1.0" encoding="utf-8"?>
<Project ToolsVersion="4.0" xmlns="http://schemas.microsoft.com/developer/msbuild/2003">
  <ItemGroup>
    <Filter Include="src">
      <UniqueIdentifier>{0bd3eed6-143c-48b9-9de6-a76851ff4959}</UniqueIdentifier>
    </Filter>
    <Filter Include="include">
      <UniqueIdentifier>{d522bdb0-dde6-4755-913a-4863fcbc208b}</UniqueIdentifier>
    </Filter>
  </ItemGroup>
  <ItemGroup>
    <ClCompile Include="..\src\pdcutil.cpp">
      <Filter>src</Filter>
    </ClCompile>
  </ItemGroup>
</Project>