<?xml version="1.0" encoding="utf-8"?>
<Project ToolsVersion="4.0" xmlns="http://schemas.microsoft.com/developer/msbuild/2003">
  <ItemGroup>
    <Filter Include="nttest_backend">
      <UniqueIdentifier>{403c8b54-f4b8-4302-b33d-3f4409f92234}</UniqueIdentifier>
    </Filter>
    <Filter Include="tests">
      <UniqueIdentifier>{da549df7-e2da-4211-aec2-3eb56022a23b}</UniqueIdentifier>
    </Filter>
  </ItemGroup>
  <ItemGroup>
    <ClCompile Include="test_ds.cpp">
      <Filter>nttest_backend</Filter>
    </ClCompile>
    <ClCompile Include="winnt_test.cpp">
      <Filter>nttest_backend</Filter>
    </ClCompile>
    <ClCompile Include="..\tests\test_assert.cpp">
      <Filter>tests</Filter>
    </ClCompile>
    <ClCompile Include="..\common\test_register.cpp">
      <Filter>nttest_backend</Filter>
    </ClCompile>
    <ClCompile Include="..\src\basic_assert.cpp">
      <Filter>nttest_backend</Filter>
    </ClCompile>
    <ClCompile Include="..\tests\test_register32.cpp">
      <Filter>tests</Filter>
    </ClCompile>
    <ClCompile Include="..\tests\test_basic_node.cpp">
      <Filter>tests</Filter>
    </ClCompile>
  </ItemGroup>
  <ItemGroup>
    <ClInclude Include="test_ds.h">
      <Filter>nttest_backend</Filter>
    </ClInclude>
    <ClInclude Include="..\include\basic_assert.h">
      <Filter>nttest_backend</Filter>
    </ClInclude>
    <ClInclude Include="..\common\test_list.h">
      <Filter>nttest_backend</Filter>
    </ClInclude>
    <ClInclude Include="..\common\test_register.h">
      <Filter>nttest_backend</Filter>
    </ClInclude>
  </ItemGroup>
</Project>