
Microsoft Visual Studio Solution File, Format Version 11.00
# Visual C++ Express 2010
Project("{8BC9CEB8-8B4A-11D0-8D11-00A0C91BC942}") = "PRISCAS", "PRISCAS.vcxproj", "{9C1D372F-1761-437C-A7EC-27A79BB967B6}"
EndProject
Project("{8BC9CEB8-8B4A-11D0-8D11-00A0C91BC942}") = "PRISCAS_Shell", "..\PRISCAS_Shell\PRISCAS_Shell.vcxproj", "{FB9CCEE4-76B7-4A56-BAEA-F1709C4DE126}"
	ProjectSection(ProjectDependencies) = postProject
		{9C1D372F-1761-437C-A7EC-27A79BB967B6} = {9C1D372F-1761-437C-A7EC-27A79BB967B6}
	EndProjectSection
EndProject
Project("{8BC9CEB8-8B4A-11D0-8D11-00A0C91BC942}") = "PDCUtil", "..\PDCUtil\PDCUtil.vcxproj", "{982441F3-7E5F-47AD-8A59-8F1263863A1F}"
EndProject
Project("{8BC9CEB8-8B4A-11D0-8D11-00A0C91BC942}") = "simui", "..\simUI\simui.vcxproj", "{8900FAFA-0CA4-439D-B6DD-04C2113E5F67}"
	ProjectSection(ProjectDependencies) = postProject
		{9C1D372F-1761-437C-A7EC-27A79BB967B6} = {9C1D372F-1761-437C-A7EC-27A79BB967B6}
	EndProjectSection
EndProject
Project("{8BC9CEB8-8B4A-11D0-8D11-00A0C91BC942}") = "winnt_test", "..\testing\winnt_test\winnt_test.vcxproj", "{8D5F43ED-4018-4EBF-8B40-6A8AFAF5432E}"
	ProjectSection(ProjectDependencies) = postProject
		{9C1D372F-1761-437C-A7EC-27A79BB967B6} = {9C1D372F-1761-437C-A7EC-27A79BB967B6}
	EndProjectSection
EndProject
Global
	GlobalSection(SolutionConfigurationPlatforms) = preSolution
		Debug|Win32 = Debug|Win32
		Release|Win32 = Release|Win32
	EndGlobalSection
	GlobalSection(ProjectConfigurationPlatforms) = postSolution
		{9C1D372F-1761-437C-A7EC-27A79BB967B6}.Debug|Win32.ActiveCfg = Debug|Win32
		{9C1D372F-1761-437C-A7EC-27A79BB967B6}.Debug|Win32.Build.0 = Debug|Win32
		{9C1D372F-1761-437C-A7EC-27A79BB967B6}.Release|Win32.ActiveCfg = Release|Win32
		{9C1D372F-1761-437C-A7EC-27A79BB967B6}.Release|Win32.Build.0 = Release|Win32
		{FB9CCEE4-76B7-4A56-BAEA-F1709C4DE126}.Debug|Win32.ActiveCfg = Debug|Win32
		{FB9CCEE4-76B7-4A56-BAEA-F1709C4DE126}.Debug|Win32.Build.0 = Debug|Win32
		{FB9CCEE4-76B7-4A56-BAEA-F1709C4DE126}.Release|Win32.ActiveCfg = Release|Win32
		{FB9CCEE4-76B7-4A56-BAEA-F1709C4DE126}.Release|Win32.Build.0 = Release|Win32
		{982441F3-7E5F-47AD-8A59-8F1263863A1F}.Debug|Win32.ActiveCfg = Debug|Win32
		{982441F3-7E5F-47AD-8A59-8F1263863A1F}.Debug|Win32.Build.0 = Debug|Win32
		{982441F3-7E5F-47AD-8A59-8F1263863A1F}.Release|Win32.ActiveCfg = Release|Win32
		{982441F3-7E5F-47AD-8A59-8F1263863A1F}.Release|Win32.Build.0 = Release|Win32
		{8900FAFA-0CA4-439D-B6DD-04C2113E5F67}.Debug|Win32.ActiveCfg = Debug|Win32
		{8900FAFA-0CA4-439D-B6DD-04C2113E5F67}.Debug|Win32.Build.0 = Debug|Win32
		{8900FAFA-0CA4-439D-B6DD-04C2113E5F67}.Release|Win32.ActiveCfg = Release|Win32
		{8900FAFA-0CA4-439D-B6DD-04C2113E5F67}.Release|Win32.Build.0 = Release|Win32
		{8D5F43ED-4018-4EBF-8B40-6A8AFAF5432E}.Debug|Win32.ActiveCfg = Debug|Win32
		{8D5F43ED-4018-4EBF-8B40-6A8AFAF5432E}.Debug|Win32.Build.0 = Debug|Win32
		{8D5F43ED-4018-4EBF-8B40-6A8AFAF5432E}.Release|Win32.ActiveCfg = Release|Win32
		{8D5F43ED-4018-4EBF-8B40-6A8AFAF5432E}.Release|Win32.Build.0 = Release|Win32
	EndGlobalSection
	GlobalSection(SolutionProperties) = preSolution
		HideSolutionNode = FALSE
	EndGlobalSection
EndGlobal
