<?xml version="1.0" encoding="utf-8"?>
<Project ToolsVersion="4.0" xmlns="http://schemas.microsoft.com/developer/msbuild/2003">
  <ItemGroup>
    <Filter Include="include">
      <UniqueIdentifier>{93995380-89BD-4b04-88EB-625FBE52EBFB}</UniqueIdentifier>
      <Extensions>h;hpp;hxx;hm;inl;inc;xsd</Extensions>
    </Filter>
    <Filter Include="src">
      <UniqueIdentifier>{4FC737F1-C7A5-4376-A066-2A32D752A2FF}</UniqueIdentifier>
      <Extensions>cpp;c;cc;cxx;def;odl;idl;hpj;bat;asm;asmx</Extensions>
    </Filter>
    <Filter Include="res">
      <UniqueIdentifier>{2c036bff-d3cf-4de6-a6a3-e25e53cd3765}</UniqueIdentifier>
    </Filter>
  </ItemGroup>
  <ItemGroup>
    <ClCompile Include="..\src\mmem.cpp">
      <Filter>src</Filter>
    </ClCompile>
    <ClCompile Include="..\src\mb.cpp">
      <Filter>src</Filter>
    </ClCompile>
    <ClCompile Include="..\src\mips.cpp">
      <Filter>src</Filter>
    </ClCompile>
    <ClCompile Include="..\src\mem.cpp">
      <Filter>src</Filter>
    </ClCompile>
    <ClCompile Include="..\src\syms_table.cpp">
      <Filter>src</Filter>
    </ClCompile>
    <ClCompile Include="..\src\reg_pipeline.cpp">
      <Filter>src</Filter>
    </ClCompile>
    <ClCompile Include="..\src\primitives.cpp">
      <Filter>src</Filter>
    </ClCompile>
    <ClCompile Include="..\src\shell.cpp">
      <Filter>src</Filter>
    </ClCompile>
    <ClCompile Include="..\src\messages.cpp">
      <Filter>src</Filter>
    </ClCompile>
    <ClCompile Include="..\src\mtsstream.cpp">
      <Filter>src</Filter>
    </ClCompile>
    <ClCompile Include="..\src\runtime_call.cpp">
      <Filter>src</Filter>
    </ClCompile>
    <ClCompile Include="..\src\range.cpp">
      <Filter>src</Filter>
    </ClCompile>
    <ClCompile Include="..\src\cpu_time.cpp">
      <Filter>src</Filter>
    </ClCompile>
    <ClCompile Include="..\src\streams.cpp">
      <Filter>src</Filter>
    </ClCompile>
    <ClCompile Include="..\src\debug_view_simple.cpp">
      <Filter>src</Filter>
    </ClCompile>
    <ClCompile Include="..\src\cpu_option.cpp">
      <Filter>src</Filter>
    </ClCompile>
    <ClCompile Include="..\src\env.cpp">
      <Filter>src</Filter>
    </ClCompile>
    <ClCompile Include="..\src\priscas_osi.cpp">
      <Filter>src</Filter>
    </ClCompile>
    <ClCompile Include="..\src\context.cpp">
      <Filter>src</Filter>
    </ClCompile>
    <ClCompile Include="..\src\southbridge.cpp">
      <Filter>src</Filter>
    </ClCompile>
    <ClCompile Include="..\src\hdd.cpp">
      <Filter>src</Filter>
    </ClCompile>
    <ClCompile Include="..\src\com.cpp">
      <Filter>src</Filter>
    </ClCompile>
    <ClCompile Include="..\src\phdl.cpp">
      <Filter>src</Filter>
    </ClCompile>
    <ClCompile Include="..\src\mips_cpu.cpp">
      <Filter>src</Filter>
    </ClCompile>
    <ClCompile Include="..\src\rtl_cpu_common.cpp">
      <Filter>src</Filter>
    </ClCompile>
    <ClCompile Include="..\src\rtl_cpu_mips.cpp">
      <Filter>src</Filter>
    </ClCompile>
    <ClCompile Include="..\src\reg_32.cpp">
      <Filter>src</Filter>
    </ClCompile>
  </ItemGroup>
  <ItemGroup>
    <ClInclude Include="..\include\cpu.h">
      <Filter>include</Filter>
    </ClInclude>
    <ClInclude Include="..\include\mmem.h">
      <Filter>include</Filter>
    </ClInclude>
    <ClInclude Include="..\include\pipeline.h">
      <Filter>include</Filter>
    </ClInclude>
    <ClInclude Include="..\include\mb.h">
      <Filter>include</Filter>
    </ClInclude>
    <ClInclude Include="..\include\mem.h">
      <Filter>include</Filter>
    </ClInclude>
    <ClInclude Include="..\include\mips.h">
      <Filter>include</Filter>
    </ClInclude>
    <ClInclude Include="..\include\primitives.h">
      <Filter>include</Filter>
    </ClInclude>
    <ClInclude Include="..\include\reg_32.h">
      <Filter>include</Filter>
    </ClInclude>
    <ClInclude Include="..\include\mt_exception.h">
      <Filter>include</Filter>
    </ClInclude>
    <ClInclude Include="..\include\syms_table.h">
      <Filter>include</Filter>
    </ClInclude>
    <ClInclude Include="..\include\reg_pipeline.h">
      <Filter>include</Filter>
    </ClInclude>
    <ClInclude Include="..\include\messages.h">
      <Filter>include</Filter>
    </ClInclude>
    <ClInclude Include="..\include\mtsstream.h">
      <Filter>include</Filter>
    </ClInclude>
    <ClInclude Include="..\include\mtswriter.h">
      <Filter>include</Filter>
    </ClInclude>
    <ClInclude Include="..\include\runtime_call.h">
      <Filter>include</Filter>
    </ClInclude>
    <ClInclude Include="..\include\shell.h">
      <Filter>include</Filter>
    </ClInclude>
    <ClInclude Include="..\include\range.h">
      <Filter>include</Filter>
    </ClInclude>
    <ClInclude Include="..\include\ISA.h">
      <Filter>include</Filter>
    </ClInclude>
    <ClInclude Include="..\include\branding.h">
      <Filter>include</Filter>
    </ClInclude>
    <ClInclude Include="..\include\cpu_time.h">
      <Filter>include</Filter>
    </ClInclude>
    <ClInclude Include="..\include\buffer_events.h">
      <Filter>include</Filter>
    </ClInclude>
    <ClInclude Include="..\include\streams.h">
      <Filter>include</Filter>
    </ClInclude>
    <ClInclude Include="..\include\debug_view_simple.h">
      <Filter>include</Filter>
    </ClInclude>
    <ClInclude Include="..\include\debug_view.h">
      <Filter>include</Filter>
    </ClInclude>
    <ClInclude Include="..\include\priscas_global.h">
      <Filter>include</Filter>
    </ClInclude>
    <ClInclude Include="..\include\cpu_option.h">
      <Filter>include</Filter>
    </ClInclude>
    <ClInclude Include="..\include\env.h">
      <Filter>include</Filter>
    </ClInclude>
    <ClInclude Include="..\include\priscas_core.h">
      <Filter>include</Filter>
    </ClInclude>
    <ClInclude Include="..\include\priscas_osi.h">
      <Filter>include</Filter>
    </ClInclude>
    <ClInclude Include="..\include\dynamic.h">
      <Filter>include</Filter>
    </ClInclude>
    <ClInclude Include="..\include\context.h">
      <Filter>include</Filter>
    </ClInclude>
    <ClInclude Include="..\include\southbridge.h">
      <Filter>include</Filter>
    </ClInclude>
    <ClInclude Include="..\include\io_device.h">
      <Filter>include</Filter>
    </ClInclude>
    <ClInclude Include="..\include\com.h">
      <Filter>include</Filter>
    </ClInclude>
    <ClInclude Include="..\include\hdd.h">
      <Filter>include</Filter>
    </ClInclude>
    <ClInclude Include="..\include\phdl.h">
      <Filter>include</Filter>
    </ClInclude>
    <ClInclude Include="..\include\mips_cpu.h">
      <Filter>include</Filter>
    </ClInclude>
    <ClInclude Include="..\include\mips32_sc_cpu.h">
      <Filter>include</Filter>
    </ClInclude>
    <ClInclude Include="..\include\mips32_ss_cpu.h">
      <Filter>include</Filter>
    </ClInclude>
    <ClInclude Include="..\include\rtl_cpu_common.h">
      <Filter>include</Filter>
    </ClInclude>
    <ClInclude Include="..\include\rtl_cpu_mips.h">
      <Filter>include</Filter>
    </ClInclude>
    <ClInclude Include="..\include\seq_cpu_common.h">
      <Filter>include</Filter>
    </ClInclude>
  </ItemGroup>
  <ItemGroup>
    <ResourceCompile Include="version_pcore.rc">
      <Filter>res</Filter>
    </ResourceCompile>
  </ItemGroup>
</Project>